
Microsoft Visual Studio Solution File, Format Version 12.00
# Visual Studio Version 16
VisualStudioVersion = 16.0.31515.178
MinimumVisualStudioVersion = 10.0.40219.1
Project("{FAE04EC0-301F-11D3-BF4B-00C04F79EFBC}") = "PadrinhoVirtual", "PadrinhoVirtual\PadrinhoVirtual.csproj", "{4EAE9E34-7CB6-444A-9F7F-27D787E3DC7D}"
EndProject
Global
	GlobalSection(SolutionConfigurationPlatforms) = preSolution
		Debug|Any CPU = Debug|Any CPU
		Release|Any CPU = Release|Any CPU
	EndGlobalSection
	GlobalSection(ProjectConfigurationPlatforms) = postSolution
		{4EAE9E34-7CB6-444A-9F7F-27D787E3DC7D}.Debug|Any CPU.ActiveCfg = Debug|Any CPU
		{4EAE9E34-7CB6-444A-9F7F-27D787E3DC7D}.Debug|Any CPU.Build.0 = Debug|Any CPU
		{4EAE9E34-7CB6-444A-9F7F-27D787E3DC7D}.Release|Any CPU.ActiveCfg = Release|Any CPU
		{4EAE9E34-7CB6-444A-9F7F-27D787E3DC7D}.Release|Any CPU.Build.0 = Release|Any CPU
	EndGlobalSection
	GlobalSection(SolutionProperties) = preSolution
		HideSolutionNode = FALSE
	EndGlobalSection
	GlobalSection(ExtensibilityGlobals) = postSolution
		SolutionGuid = {D6E9D488-3F47-4622-86A2-0F5DCF4DBE2D}
	EndGlobalSection
EndGlobal
